
Microsoft Visual Studio Solution File, Format Version 12.00
Project("{FAE04EC0-301F-11D3-BF4B-00C04F79EFBC}") = "Lab10", "Lab10\Lab10.csproj", "{DD40B0E5-023F-4490-9242-751F5818FDC4}"
EndProject
Project("{2150E333-8FDC-42A3-9474-1A3956D46DE8}") = "Solution Items", "Solution Items", "{6B75CE45-11FC-4D1E-AA88-0791A136ED38}"
	ProjectSection(SolutionItems) = preProject
		docker-compose.yml = docker-compose.yml
	EndProjectSection
EndProject
Global
	GlobalSection(SolutionConfigurationPlatforms) = preSolution
		Debug|Any CPU = Debug|Any CPU
		Release|Any CPU = Release|Any CPU
	EndGlobalSection
	GlobalSection(ProjectConfigurationPlatforms) = postSolution
		{DD40B0E5-023F-4490-9242-751F5818FDC4}.Debug|Any CPU.ActiveCfg = Debug|Any CPU
		{DD40B0E5-023F-4490-9242-751F5818FDC4}.Debug|Any CPU.Build.0 = Debug|Any CPU
		{DD40B0E5-023F-4490-9242-751F5818FDC4}.Release|Any CPU.ActiveCfg = Release|Any CPU
		{DD40B0E5-023F-4490-9242-751F5818FDC4}.Release|Any CPU.Build.0 = Release|Any CPU
	EndGlobalSection
EndGlobal
